
Microsoft Visual Studio Solution File, Format Version 12.00
# Visual Studio 15
VisualStudioVersion = 15.0.28307.1684
MinimumVisualStudioVersion = 10.0.40219.1
Project("{8BC9CEB8-8B4A-11D0-8D11-00A0C91BC942}") = "lecture_003_exceptions", "lecture_003_exceptions\lecture_003_exceptions.vcxproj", "{9E04A33E-3013-4F19-8552-B920453D1A94}"
EndProject
Project("{8BC9CEB8-8B4A-11D0-8D11-00A0C91BC942}") = "lecture_004_exceptions", "lecture_004_exceptions\lecture_004_exceptions.vcxproj", "{4D11B5D7-14B9-4EF2-B2C2-E6DC47E479E7}"
EndProject
Project("{8BC9CEB8-8B4A-11D0-8D11-00A0C91BC942}") = "lecture_005_custom_exceptions", "lecture_005_custom_exceptions\lecture_005_custom_exceptions.vcxproj", "{BED0BE0F-18CC-4508-805B-3AF6C5FE92E1}"
EndProject
Project("{8BC9CEB8-8B4A-11D0-8D11-00A0C91BC942}") = "lecture_068_unique_pointers", "lecture_068_unique_pointers\lecture_068_unique_pointers.vcxproj", "{755BFB84-82A1-42F8-B62E-915B9FDC179A}"
EndProject
Project("{8BC9CEB8-8B4A-11D0-8D11-00A0C91BC942}") = "lecture_069_shared_pointers", "lecture_069_shared_pointers\lecture_069_shared_pointers.vcxproj", "{509EC85B-712A-4F5A-BE89-5B9705E5C1A7}"
EndProject
Project("{8BC9CEB8-8B4A-11D0-8D11-00A0C91BC942}") = "lecture_012_vectors", "lecture_012_vectors\lecture_012_vectors.vcxproj", "{5303F519-9C05-412B-94AE-C5F91D75059C}"
EndProject
Project("{8BC9CEB8-8B4A-11D0-8D11-00A0C91BC942}") = "lecture_007_writing_text_files", "lecture_007_writing_text_files\lecture_007_writing_text_files.vcxproj", "{55791CBC-FCD6-40E0-A384-FDCFCB20A534}"
EndProject
Project("{8BC9CEB8-8B4A-11D0-8D11-00A0C91BC942}") = "lecture_008_reading_text_files", "lecture_008_reading_text_files\lecture_008_reading_text_files.vcxproj", "{FA16FB5E-0AA0-4A73-B592-4196EC0A5539}"
EndProject
Project("{8BC9CEB8-8B4A-11D0-8D11-00A0C91BC942}") = "lecture_009_parsing_text_files", "lecture_009_parsing_text_files\lecture_009_parsing_text_files.vcxproj", "{25D3C346-C91C-4557-B547-C96ED633C54B}"
EndProject
Project("{8BC9CEB8-8B4A-11D0-8D11-00A0C91BC942}") = "lecture_010_structs_and_padding", "lecture_010_structs_and_padding\lecture_010_structs_and_padding.vcxproj", "{8C9313DC-EEFC-4973-BCA5-567D939A8AF1}"
EndProject
Project("{8BC9CEB8-8B4A-11D0-8D11-00A0C91BC942}") = "lecture_011_reading_and_writing_binary_files", "lecture_011_reading_and_writing_binary_files\lecture_011_reading_and_writing_binary_files.vcxproj", "{456617EC-5BF6-48AC-BC25-65FD6C2F0FB4}"
EndProject
Project("{8BC9CEB8-8B4A-11D0-8D11-00A0C91BC942}") = "lecture_013_vectors_and_memory", "lecture_013_vectors_and_memory\lecture_013_vectors_and_memory.vcxproj", "{04176A41-0CA4-48F7-93C0-3AFD0ABFF54D}"
EndProject
Project("{8BC9CEB8-8B4A-11D0-8D11-00A0C91BC942}") = "lecture_014_two_dimensional_vectors", "lecture_014_two_dimensional_vectors\lecture_014_two_dimensional_vectors.vcxproj", "{4E88DB5D-0F17-4ABC-BCD6-045D6F4940CF}"
EndProject
Project("{8BC9CEB8-8B4A-11D0-8D11-00A0C91BC942}") = "lecture_039_decltype_typeid_and_name_mangling", "lecture_039_decltype_typeid_and_name_mangling\lecture_039_decltype_typeid_and_name_mangling.vcxproj", "{38EC4CB4-13B8-47C8-BB4F-F8622A03787D}"
EndProject
Project("{8BC9CEB8-8B4A-11D0-8D11-00A0C91BC942}") = "lecture_040_the_auto_keyword", "lecture_040_the_auto_keyword\lecture_040_the_auto_keyword.vcxproj", "{4C8814B0-9362-44A1-9DB1-D247381E23C1}"
EndProject
Global
	GlobalSection(SolutionConfigurationPlatforms) = preSolution
		Debug|x64 = Debug|x64
		Debug|x86 = Debug|x86
		Release|x64 = Release|x64
		Release|x86 = Release|x86
	EndGlobalSection
	GlobalSection(ProjectConfigurationPlatforms) = postSolution
		{9E04A33E-3013-4F19-8552-B920453D1A94}.Debug|x64.ActiveCfg = Debug|x64
		{9E04A33E-3013-4F19-8552-B920453D1A94}.Debug|x64.Build.0 = Debug|x64
		{9E04A33E-3013-4F19-8552-B920453D1A94}.Debug|x86.ActiveCfg = Debug|Win32
		{9E04A33E-3013-4F19-8552-B920453D1A94}.Debug|x86.Build.0 = Debug|Win32
		{9E04A33E-3013-4F19-8552-B920453D1A94}.Release|x64.ActiveCfg = Release|x64
		{9E04A33E-3013-4F19-8552-B920453D1A94}.Release|x64.Build.0 = Release|x64
		{9E04A33E-3013-4F19-8552-B920453D1A94}.Release|x86.ActiveCfg = Release|Win32
		{9E04A33E-3013-4F19-8552-B920453D1A94}.Release|x86.Build.0 = Release|Win32
		{4D11B5D7-14B9-4EF2-B2C2-E6DC47E479E7}.Debug|x64.ActiveCfg = Debug|x64
		{4D11B5D7-14B9-4EF2-B2C2-E6DC47E479E7}.Debug|x64.Build.0 = Debug|x64
		{4D11B5D7-14B9-4EF2-B2C2-E6DC47E479E7}.Debug|x86.ActiveCfg = Debug|Win32
		{4D11B5D7-14B9-4EF2-B2C2-E6DC47E479E7}.Debug|x86.Build.0 = Debug|Win32
		{4D11B5D7-14B9-4EF2-B2C2-E6DC47E479E7}.Release|x64.ActiveCfg = Release|x64
		{4D11B5D7-14B9-4EF2-B2C2-E6DC47E479E7}.Release|x64.Build.0 = Release|x64
		{4D11B5D7-14B9-4EF2-B2C2-E6DC47E479E7}.Release|x86.ActiveCfg = Release|Win32
		{4D11B5D7-14B9-4EF2-B2C2-E6DC47E479E7}.Release|x86.Build.0 = Release|Win32
		{BED0BE0F-18CC-4508-805B-3AF6C5FE92E1}.Debug|x64.ActiveCfg = Debug|x64
		{BED0BE0F-18CC-4508-805B-3AF6C5FE92E1}.Debug|x64.Build.0 = Debug|x64
		{BED0BE0F-18CC-4508-805B-3AF6C5FE92E1}.Debug|x86.ActiveCfg = Debug|Win32
		{BED0BE0F-18CC-4508-805B-3AF6C5FE92E1}.Debug|x86.Build.0 = Debug|Win32
		{BED0BE0F-18CC-4508-805B-3AF6C5FE92E1}.Release|x64.ActiveCfg = Release|x64
		{BED0BE0F-18CC-4508-805B-3AF6C5FE92E1}.Release|x64.Build.0 = Release|x64
		{BED0BE0F-18CC-4508-805B-3AF6C5FE92E1}.Release|x86.ActiveCfg = Release|Win32
		{BED0BE0F-18CC-4508-805B-3AF6C5FE92E1}.Release|x86.Build.0 = Release|Win32
		{755BFB84-82A1-42F8-B62E-915B9FDC179A}.Debug|x64.ActiveCfg = Debug|x64
		{755BFB84-82A1-42F8-B62E-915B9FDC179A}.Debug|x64.Build.0 = Debug|x64
		{755BFB84-82A1-42F8-B62E-915B9FDC179A}.Debug|x86.ActiveCfg = Debug|Win32
		{755BFB84-82A1-42F8-B62E-915B9FDC179A}.Debug|x86.Build.0 = Debug|Win32
		{755BFB84-82A1-42F8-B62E-915B9FDC179A}.Release|x64.ActiveCfg = Release|x64
		{755BFB84-82A1-42F8-B62E-915B9FDC179A}.Release|x64.Build.0 = Release|x64
		{755BFB84-82A1-42F8-B62E-915B9FDC179A}.Release|x86.ActiveCfg = Release|Win32
		{755BFB84-82A1-42F8-B62E-915B9FDC179A}.Release|x86.Build.0 = Release|Win32
		{509EC85B-712A-4F5A-BE89-5B9705E5C1A7}.Debug|x64.ActiveCfg = Debug|x64
		{509EC85B-712A-4F5A-BE89-5B9705E5C1A7}.Debug|x64.Build.0 = Debug|x64
		{509EC85B-712A-4F5A-BE89-5B9705E5C1A7}.Debug|x86.ActiveCfg = Debug|Win32
		{509EC85B-712A-4F5A-BE89-5B9705E5C1A7}.Debug|x86.Build.0 = Debug|Win32
		{509EC85B-712A-4F5A-BE89-5B9705E5C1A7}.Release|x64.ActiveCfg = Release|x64
		{509EC85B-712A-4F5A-BE89-5B9705E5C1A7}.Release|x64.Build.0 = Release|x64
		{509EC85B-712A-4F5A-BE89-5B9705E5C1A7}.Release|x86.ActiveCfg = Release|Win32
		{509EC85B-712A-4F5A-BE89-5B9705E5C1A7}.Release|x86.Build.0 = Release|Win32
		{5303F519-9C05-412B-94AE-C5F91D75059C}.Debug|x64.ActiveCfg = Debug|x64
		{5303F519-9C05-412B-94AE-C5F91D75059C}.Debug|x64.Build.0 = Debug|x64
		{5303F519-9C05-412B-94AE-C5F91D75059C}.Debug|x86.ActiveCfg = Debug|Win32
		{5303F519-9C05-412B-94AE-C5F91D75059C}.Debug|x86.Build.0 = Debug|Win32
		{5303F519-9C05-412B-94AE-C5F91D75059C}.Release|x64.ActiveCfg = Release|x64
		{5303F519-9C05-412B-94AE-C5F91D75059C}.Release|x64.Build.0 = Release|x64
		{5303F519-9C05-412B-94AE-C5F91D75059C}.Release|x86.ActiveCfg = Release|Win32
		{5303F519-9C05-412B-94AE-C5F91D75059C}.Release|x86.Build.0 = Release|Win32
		{55791CBC-FCD6-40E0-A384-FDCFCB20A534}.Debug|x64.ActiveCfg = Debug|x64
		{55791CBC-FCD6-40E0-A384-FDCFCB20A534}.Debug|x64.Build.0 = Debug|x64
		{55791CBC-FCD6-40E0-A384-FDCFCB20A534}.Debug|x86.ActiveCfg = Debug|Win32
		{55791CBC-FCD6-40E0-A384-FDCFCB20A534}.Debug|x86.Build.0 = Debug|Win32
		{55791CBC-FCD6-40E0-A384-FDCFCB20A534}.Release|x64.ActiveCfg = Release|x64
		{55791CBC-FCD6-40E0-A384-FDCFCB20A534}.Release|x64.Build.0 = Release|x64
		{55791CBC-FCD6-40E0-A384-FDCFCB20A534}.Release|x86.ActiveCfg = Release|Win32
		{55791CBC-FCD6-40E0-A384-FDCFCB20A534}.Release|x86.Build.0 = Release|Win32
		{FA16FB5E-0AA0-4A73-B592-4196EC0A5539}.Debug|x64.ActiveCfg = Debug|x64
		{FA16FB5E-0AA0-4A73-B592-4196EC0A5539}.Debug|x64.Build.0 = Debug|x64
		{FA16FB5E-0AA0-4A73-B592-4196EC0A5539}.Debug|x86.ActiveCfg = Debug|Win32
		{FA16FB5E-0AA0-4A73-B592-4196EC0A5539}.Debug|x86.Build.0 = Debug|Win32
		{FA16FB5E-0AA0-4A73-B592-4196EC0A5539}.Release|x64.ActiveCfg = Release|x64
		{FA16FB5E-0AA0-4A73-B592-4196EC0A5539}.Release|x64.Build.0 = Release|x64
		{FA16FB5E-0AA0-4A73-B592-4196EC0A5539}.Release|x86.ActiveCfg = Release|Win32
		{FA16FB5E-0AA0-4A73-B592-4196EC0A5539}.Release|x86.Build.0 = Release|Win32
		{25D3C346-C91C-4557-B547-C96ED633C54B}.Debug|x64.ActiveCfg = Debug|x64
		{25D3C346-C91C-4557-B547-C96ED633C54B}.Debug|x64.Build.0 = Debug|x64
		{25D3C346-C91C-4557-B547-C96ED633C54B}.Debug|x86.ActiveCfg = Debug|Win32
		{25D3C346-C91C-4557-B547-C96ED633C54B}.Debug|x86.Build.0 = Debug|Win32
		{25D3C346-C91C-4557-B547-C96ED633C54B}.Release|x64.ActiveCfg = Release|x64
		{25D3C346-C91C-4557-B547-C96ED633C54B}.Release|x64.Build.0 = Release|x64
		{25D3C346-C91C-4557-B547-C96ED633C54B}.Release|x86.ActiveCfg = Release|Win32
		{25D3C346-C91C-4557-B547-C96ED633C54B}.Release|x86.Build.0 = Release|Win32
		{8C9313DC-EEFC-4973-BCA5-567D939A8AF1}.Debug|x64.ActiveCfg = Debug|x64
		{8C9313DC-EEFC-4973-BCA5-567D939A8AF1}.Debug|x64.Build.0 = Debug|x64
		{8C9313DC-EEFC-4973-BCA5-567D939A8AF1}.Debug|x86.ActiveCfg = Debug|Win32
		{8C9313DC-EEFC-4973-BCA5-567D939A8AF1}.Debug|x86.Build.0 = Debug|Win32
		{8C9313DC-EEFC-4973-BCA5-567D939A8AF1}.Release|x64.ActiveCfg = Release|x64
		{8C9313DC-EEFC-4973-BCA5-567D939A8AF1}.Release|x64.Build.0 = Release|x64
		{8C9313DC-EEFC-4973-BCA5-567D939A8AF1}.Release|x86.ActiveCfg = Release|Win32
		{8C9313DC-EEFC-4973-BCA5-567D939A8AF1}.Release|x86.Build.0 = Release|Win32
		{456617EC-5BF6-48AC-BC25-65FD6C2F0FB4}.Debug|x64.ActiveCfg = Debug|x64
		{456617EC-5BF6-48AC-BC25-65FD6C2F0FB4}.Debug|x64.Build.0 = Debug|x64
		{456617EC-5BF6-48AC-BC25-65FD6C2F0FB4}.Debug|x86.ActiveCfg = Debug|Win32
		{456617EC-5BF6-48AC-BC25-65FD6C2F0FB4}.Debug|x86.Build.0 = Debug|Win32
		{456617EC-5BF6-48AC-BC25-65FD6C2F0FB4}.Release|x64.ActiveCfg = Release|x64
		{456617EC-5BF6-48AC-BC25-65FD6C2F0FB4}.Release|x64.Build.0 = Release|x64
		{456617EC-5BF6-48AC-BC25-65FD6C2F0FB4}.Release|x86.ActiveCfg = Release|Win32
		{456617EC-5BF6-48AC-BC25-65FD6C2F0FB4}.Release|x86.Build.0 = Release|Win32
		{04176A41-0CA4-48F7-93C0-3AFD0ABFF54D}.Debug|x64.ActiveCfg = Debug|x64
		{04176A41-0CA4-48F7-93C0-3AFD0ABFF54D}.Debug|x64.Build.0 = Debug|x64
		{04176A41-0CA4-48F7-93C0-3AFD0ABFF54D}.Debug|x86.ActiveCfg = Debug|Win32
		{04176A41-0CA4-48F7-93C0-3AFD0ABFF54D}.Debug|x86.Build.0 = Debug|Win32
		{04176A41-0CA4-48F7-93C0-3AFD0ABFF54D}.Release|x64.ActiveCfg = Release|x64
		{04176A41-0CA4-48F7-93C0-3AFD0ABFF54D}.Release|x64.Build.0 = Release|x64
		{04176A41-0CA4-48F7-93C0-3AFD0ABFF54D}.Release|x86.ActiveCfg = Release|Win32
		{04176A41-0CA4-48F7-93C0-3AFD0ABFF54D}.Release|x86.Build.0 = Release|Win32
		{4E88DB5D-0F17-4ABC-BCD6-045D6F4940CF}.Debug|x64.ActiveCfg = Debug|x64
		{4E88DB5D-0F17-4ABC-BCD6-045D6F4940CF}.Debug|x64.Build.0 = Debug|x64
		{4E88DB5D-0F17-4ABC-BCD6-045D6F4940CF}.Debug|x86.ActiveCfg = Debug|Win32
		{4E88DB5D-0F17-4ABC-BCD6-045D6F4940CF}.Debug|x86.Build.0 = Debug|Win32
		{4E88DB5D-0F17-4ABC-BCD6-045D6F4940CF}.Release|x64.ActiveCfg = Release|x64
		{4E88DB5D-0F17-4ABC-BCD6-045D6F4940CF}.Release|x64.Build.0 = Release|x64
		{4E88DB5D-0F17-4ABC-BCD6-045D6F4940CF}.Release|x86.ActiveCfg = Release|Win32
		{4E88DB5D-0F17-4ABC-BCD6-045D6F4940CF}.Release|x86.Build.0 = Release|Win32
		{38EC4CB4-13B8-47C8-BB4F-F8622A03787D}.Debug|x64.ActiveCfg = Debug|x64
		{38EC4CB4-13B8-47C8-BB4F-F8622A03787D}.Debug|x64.Build.0 = Debug|x64
		{38EC4CB4-13B8-47C8-BB4F-F8622A03787D}.Debug|x86.ActiveCfg = Debug|Win32
		{38EC4CB4-13B8-47C8-BB4F-F8622A03787D}.Debug|x86.Build.0 = Debug|Win32
		{38EC4CB4-13B8-47C8-BB4F-F8622A03787D}.Release|x64.ActiveCfg = Release|x64
		{38EC4CB4-13B8-47C8-BB4F-F8622A03787D}.Release|x64.Build.0 = Release|x64
		{38EC4CB4-13B8-47C8-BB4F-F8622A03787D}.Release|x86.ActiveCfg = Release|Win32
		{38EC4CB4-13B8-47C8-BB4F-F8622A03787D}.Release|x86.Build.0 = Release|Win32
		{4C8814B0-9362-44A1-9DB1-D247381E23C1}.Debug|x64.ActiveCfg = Debug|x64
		{4C8814B0-9362-44A1-9DB1-D247381E23C1}.Debug|x64.Build.0 = Debug|x64
		{4C8814B0-9362-44A1-9DB1-D247381E23C1}.Debug|x86.ActiveCfg = Debug|Win32
		{4C8814B0-9362-44A1-9DB1-D247381E23C1}.Debug|x86.Build.0 = Debug|Win32
		{4C8814B0-9362-44A1-9DB1-D247381E23C1}.Release|x64.ActiveCfg = Release|x64
		{4C8814B0-9362-44A1-9DB1-D247381E23C1}.Release|x64.Build.0 = Release|x64
		{4C8814B0-9362-44A1-9DB1-D247381E23C1}.Release|x86.ActiveCfg = Release|Win32
		{4C8814B0-9362-44A1-9DB1-D247381E23C1}.Release|x86.Build.0 = Release|Win32
	EndGlobalSection
	GlobalSection(SolutionProperties) = preSolution
		HideSolutionNode = FALSE
	EndGlobalSection
	GlobalSection(ExtensibilityGlobals) = postSolution
		SolutionGuid = {06334ABF-D63E-4281-A438-37AB4797016F}
	EndGlobalSection
EndGlobal
